
Microsoft Visual Studio Solution File, Format Version 12.00
# Visual Studio Version 17
VisualStudioVersion = 17.0.32014.148
MinimumVisualStudioVersion = 10.0.40219.1
Project("{FAE04EC0-301F-11D3-BF4B-00C04F79EFBC}") = "RFP_GenericsMinAndMax", "RFP_GenericsMinAndMax.csproj", "{52B8132B-D2A5-45E2-A3DD-E5A0C2C22B86}"
EndProject
Global
	GlobalSection(SolutionConfigurationPlatforms) = preSolution
		Debug|Any CPU = Debug|Any CPU
		Release|Any CPU = Release|Any CPU
	EndGlobalSection
	GlobalSection(ProjectConfigurationPlatforms) = postSolution
		{52B8132B-D2A5-45E2-A3DD-E5A0C2C22B86}.Debug|Any CPU.ActiveCfg = Debug|Any CPU
		{52B8132B-D2A5-45E2-A3DD-E5A0C2C22B86}.Debug|Any CPU.Build.0 = Debug|Any CPU
		{52B8132B-D2A5-45E2-A3DD-E5A0C2C22B86}.Release|Any CPU.ActiveCfg = Release|Any CPU
		{52B8132B-D2A5-45E2-A3DD-E5A0C2C22B86}.Release|Any CPU.Build.0 = Release|Any CPU
	EndGlobalSection
	GlobalSection(SolutionProperties) = preSolution
		HideSolutionNode = FALSE
	EndGlobalSection
	GlobalSection(ExtensibilityGlobals) = postSolution
		SolutionGuid = {1A0E6257-CFC8-4D03-A117-B41A41EDE46A}
	EndGlobalSection
EndGlobal
